
Microsoft Visual Studio Solution File, Format Version 12.00
# Visual Studio Version 17
VisualStudioVersion = 17.0.32112.339
MinimumVisualStudioVersion = 10.0.40219.1
Project("{FAE04EC0-301F-11D3-BF4B-00C04F79EFBC}") = "TotalSalesWin", "TotalSalesWin\TotalSalesWin.csproj", "{04498ABC-410D-4D5B-9165-EFBCD98DACEE}"
EndProject
Project("{FAE04EC0-301F-11D3-BF4B-00C04F79EFBC}") = "ConsoleApp1", "..\TotalSales\ConsoleApp1\ConsoleApp1.csproj", "{BDADFC8B-9715-421A-B41F-8376C6408DE2}"
EndProject
Global
	GlobalSection(SolutionConfigurationPlatforms) = preSolution
		Debug|Any CPU = Debug|Any CPU
		Release|Any CPU = Release|Any CPU
	EndGlobalSection
	GlobalSection(ProjectConfigurationPlatforms) = postSolution
		{04498ABC-410D-4D5B-9165-EFBCD98DACEE}.Debug|Any CPU.ActiveCfg = Debug|Any CPU
		{04498ABC-410D-4D5B-9165-EFBCD98DACEE}.Debug|Any CPU.Build.0 = Debug|Any CPU
		{04498ABC-410D-4D5B-9165-EFBCD98DACEE}.Release|Any CPU.ActiveCfg = Release|Any CPU
		{04498ABC-410D-4D5B-9165-EFBCD98DACEE}.Release|Any CPU.Build.0 = Release|Any CPU
		{BDADFC8B-9715-421A-B41F-8376C6408DE2}.Debug|Any CPU.ActiveCfg = Debug|Any CPU
		{BDADFC8B-9715-421A-B41F-8376C6408DE2}.Debug|Any CPU.Build.0 = Debug|Any CPU
		{BDADFC8B-9715-421A-B41F-8376C6408DE2}.Release|Any CPU.ActiveCfg = Release|Any CPU
		{BDADFC8B-9715-421A-B41F-8376C6408DE2}.Release|Any CPU.Build.0 = Release|Any CPU
	EndGlobalSection
	GlobalSection(SolutionProperties) = preSolution
		HideSolutionNode = FALSE
	EndGlobalSection
	GlobalSection(ExtensibilityGlobals) = postSolution
		SolutionGuid = {0478CC07-FFBB-4F76-A0EC-1A633BAC0E9D}
	EndGlobalSection
EndGlobal
